
Microsoft Visual Studio Solution File, Format Version 12.00
# Visual Studio 15
VisualStudioVersion = 15.0.27130.2036
MinimumVisualStudioVersion = 10.0.40219.1
Project("{8BC9CEB8-8B4A-11D0-8D11-00A0C91BC942}") = "Multiply", "Multiply\Multiply.vcxproj", "{ECB0173C-C3E0-46D2-9A2B-7CE0F92608BE}"
EndProject
Global
	GlobalSection(SolutionConfigurationPlatforms) = preSolution
		Debug|x64 = Debug|x64
		Debug|x86 = Debug|x86
		Release|x64 = Release|x64
		Release|x86 = Release|x86
	EndGlobalSection
	GlobalSection(ProjectConfigurationPlatforms) = postSolution
		{ECB0173C-C3E0-46D2-9A2B-7CE0F92608BE}.Debug|x64.ActiveCfg = Debug|x64
		{ECB0173C-C3E0-46D2-9A2B-7CE0F92608BE}.Debug|x64.Build.0 = Debug|x64
		{ECB0173C-C3E0-46D2-9A2B-7CE0F92608BE}.Debug|x86.ActiveCfg = Debug|Win32
		{ECB0173C-C3E0-46D2-9A2B-7CE0F92608BE}.Debug|x86.Build.0 = Debug|Win32
		{ECB0173C-C3E0-46D2-9A2B-7CE0F92608BE}.Release|x64.ActiveCfg = Release|x64
		{ECB0173C-C3E0-46D2-9A2B-7CE0F92608BE}.Release|x64.Build.0 = Release|x64
		{ECB0173C-C3E0-46D2-9A2B-7CE0F92608BE}.Release|x86.ActiveCfg = Release|Win32
		{ECB0173C-C3E0-46D2-9A2B-7CE0F92608BE}.Release|x86.Build.0 = Release|Win32
	EndGlobalSection
	GlobalSection(SolutionProperties) = preSolution
		HideSolutionNode = FALSE
	EndGlobalSection
	GlobalSection(ExtensibilityGlobals) = postSolution
		SolutionGuid = {B9F76D4A-156F-4C0A-B16F-8917BFAC0A5D}
	EndGlobalSection
EndGlobal
